
Microsoft Visual Studio Solution File, Format Version 12.00
# Visual Studio Version 17
VisualStudioVersion = 17.7.34031.279
MinimumVisualStudioVersion = 10.0.40219.1
Project("{9A19103F-16F7-4668-BE54-9A1E7A4F7556}") = "NLayer.Core", "NLayer.Core\NLayer.Core.csproj", "{DE0C990B-5C7F-4C28-93A4-93723EAB399E}"
EndProject
Project("{9A19103F-16F7-4668-BE54-9A1E7A4F7556}") = "NLayer.Repository", "NLayer.Repository\NLayer.Repository.csproj", "{33D99061-904D-48FA-948C-53BDDEAC5898}"
EndProject
Project("{9A19103F-16F7-4668-BE54-9A1E7A4F7556}") = "NLayer.Service", "NLayer.Service\NLayer.Service.csproj", "{F7A997FE-F6B6-49FE-899F-3245FCAE6026}"
EndProject
Project("{FAE04EC0-301F-11D3-BF4B-00C04F79EFBC}") = "NLayer.API", "NLayer.API\NLayer.API.csproj", "{ABB53844-9C39-43BA-B2E9-BCDDD704CA42}"
EndProject
Project("{9A19103F-16F7-4668-BE54-9A1E7A4F7556}") = "NLayer.Web", "NLayer.Web\NLayer.Web.csproj", "{9306387E-9626-4FDA-AF7B-B61182455369}"
EndProject
Project("{9A19103F-16F7-4668-BE54-9A1E7A4F7556}") = "NLayer.Caching", "NLayer.Caching\NLayer.Caching.csproj", "{F8D45BE8-6F29-41B3-A0F2-319A39851EF2}"
EndProject
Project("{2150E333-8FDC-42A3-9474-1A3956D46DE8}") = "Solution Items", "Solution Items", "{554B4400-AAC5-40BD-8AF5-B77B828BA32F}"
	ProjectSection(SolutionItems) = preProject
		Ports.txt = Ports.txt
	EndProjectSection
EndProject
Global
	GlobalSection(SolutionConfigurationPlatforms) = preSolution
		Debug|Any CPU = Debug|Any CPU
		Release|Any CPU = Release|Any CPU
	EndGlobalSection
	GlobalSection(ProjectConfigurationPlatforms) = postSolution
		{DE0C990B-5C7F-4C28-93A4-93723EAB399E}.Debug|Any CPU.ActiveCfg = Debug|Any CPU
		{DE0C990B-5C7F-4C28-93A4-93723EAB399E}.Debug|Any CPU.Build.0 = Debug|Any CPU
		{DE0C990B-5C7F-4C28-93A4-93723EAB399E}.Release|Any CPU.ActiveCfg = Release|Any CPU
		{DE0C990B-5C7F-4C28-93A4-93723EAB399E}.Release|Any CPU.Build.0 = Release|Any CPU
		{33D99061-904D-48FA-948C-53BDDEAC5898}.Debug|Any CPU.ActiveCfg = Debug|Any CPU
		{33D99061-904D-48FA-948C-53BDDEAC5898}.Debug|Any CPU.Build.0 = Debug|Any CPU
		{33D99061-904D-48FA-948C-53BDDEAC5898}.Release|Any CPU.ActiveCfg = Release|Any CPU
		{33D99061-904D-48FA-948C-53BDDEAC5898}.Release|Any CPU.Build.0 = Release|Any CPU
		{F7A997FE-F6B6-49FE-899F-3245FCAE6026}.Debug|Any CPU.ActiveCfg = Debug|Any CPU
		{F7A997FE-F6B6-49FE-899F-3245FCAE6026}.Debug|Any CPU.Build.0 = Debug|Any CPU
		{F7A997FE-F6B6-49FE-899F-3245FCAE6026}.Release|Any CPU.ActiveCfg = Release|Any CPU
		{F7A997FE-F6B6-49FE-899F-3245FCAE6026}.Release|Any CPU.Build.0 = Release|Any CPU
		{ABB53844-9C39-43BA-B2E9-BCDDD704CA42}.Debug|Any CPU.ActiveCfg = Debug|Any CPU
		{ABB53844-9C39-43BA-B2E9-BCDDD704CA42}.Debug|Any CPU.Build.0 = Debug|Any CPU
		{ABB53844-9C39-43BA-B2E9-BCDDD704CA42}.Release|Any CPU.ActiveCfg = Release|Any CPU
		{ABB53844-9C39-43BA-B2E9-BCDDD704CA42}.Release|Any CPU.Build.0 = Release|Any CPU
		{9306387E-9626-4FDA-AF7B-B61182455369}.Debug|Any CPU.ActiveCfg = Debug|Any CPU
		{9306387E-9626-4FDA-AF7B-B61182455369}.Debug|Any CPU.Build.0 = Debug|Any CPU
		{9306387E-9626-4FDA-AF7B-B61182455369}.Release|Any CPU.ActiveCfg = Release|Any CPU
		{9306387E-9626-4FDA-AF7B-B61182455369}.Release|Any CPU.Build.0 = Release|Any CPU
		{F8D45BE8-6F29-41B3-A0F2-319A39851EF2}.Debug|Any CPU.ActiveCfg = Debug|Any CPU
		{F8D45BE8-6F29-41B3-A0F2-319A39851EF2}.Debug|Any CPU.Build.0 = Debug|Any CPU
		{F8D45BE8-6F29-41B3-A0F2-319A39851EF2}.Release|Any CPU.ActiveCfg = Release|Any CPU
		{F8D45BE8-6F29-41B3-A0F2-319A39851EF2}.Release|Any CPU.Build.0 = Release|Any CPU
	EndGlobalSection
	GlobalSection(SolutionProperties) = preSolution
		HideSolutionNode = FALSE
	EndGlobalSection
	GlobalSection(ExtensibilityGlobals) = postSolution
		SolutionGuid = {F6B79A12-7462-439E-8F9C-AAD491AC0A1C}
	EndGlobalSection
EndGlobal
